
Microsoft Visual Studio Solution File, Format Version 12.00
# Visual Studio Version 17
VisualStudioVersion = 17.11.35222.181
MinimumVisualStudioVersion = 10.0.40219.1
Project("{FAE04EC0-301F-11D3-BF4B-00C04F79EFBC}") = "UnitConverter", "UnitConverter.csproj", "{8B54F510-3CCA-40E1-8200-186AB4F7D986}"
EndProject
Global
	GlobalSection(SolutionConfigurationPlatforms) = preSolution
		Debug|Any CPU = Debug|Any CPU
		Release|Any CPU = Release|Any CPU
	EndGlobalSection
	GlobalSection(ProjectConfigurationPlatforms) = postSolution
		{8B54F510-3CCA-40E1-8200-186AB4F7D986}.Debug|Any CPU.ActiveCfg = Debug|Any CPU
		{8B54F510-3CCA-40E1-8200-186AB4F7D986}.Debug|Any CPU.Build.0 = Debug|Any CPU
		{8B54F510-3CCA-40E1-8200-186AB4F7D986}.Release|Any CPU.ActiveCfg = Release|Any CPU
		{8B54F510-3CCA-40E1-8200-186AB4F7D986}.Release|Any CPU.Build.0 = Release|Any CPU
	EndGlobalSection
	GlobalSection(SolutionProperties) = preSolution
		HideSolutionNode = FALSE
	EndGlobalSection
	GlobalSection(ExtensibilityGlobals) = postSolution
		SolutionGuid = {EE44207F-5855-4553-AB8C-8C11AB7D9727}
	EndGlobalSection
EndGlobal
